
Microsoft Visual Studio Solution File, Format Version 12.00
# Visual Studio Version 17
VisualStudioVersion = 17.7.34031.279
MinimumVisualStudioVersion = 10.0.40219.1
Project("{FAE04EC0-301F-11D3-BF4B-00C04F79EFBC}") = "FirstWebApp", "FirstWebApp\FirstWebApp.csproj", "{3100003F-F3F0-4AC5-97E6-4B9129C4C1C0}"
EndProject
Global
	GlobalSection(SolutionConfigurationPlatforms) = preSolution
		Debug|Any CPU = Debug|Any CPU
		Release|Any CPU = Release|Any CPU
	EndGlobalSection
	GlobalSection(ProjectConfigurationPlatforms) = postSolution
		{3100003F-F3F0-4AC5-97E6-4B9129C4C1C0}.Debug|Any CPU.ActiveCfg = Debug|Any CPU
		{3100003F-F3F0-4AC5-97E6-4B9129C4C1C0}.Debug|Any CPU.Build.0 = Debug|Any CPU
		{3100003F-F3F0-4AC5-97E6-4B9129C4C1C0}.Release|Any CPU.ActiveCfg = Release|Any CPU
		{3100003F-F3F0-4AC5-97E6-4B9129C4C1C0}.Release|Any CPU.Build.0 = Release|Any CPU
	EndGlobalSection
	GlobalSection(SolutionProperties) = preSolution
		HideSolutionNode = FALSE
	EndGlobalSection
	GlobalSection(ExtensibilityGlobals) = postSolution
		SolutionGuid = {D3EC97BB-71E4-48C0-8F84-2FB0F5A115D4}
	EndGlobalSection
EndGlobal
